
Microsoft Visual Studio Solution File, Format Version 12.00
# Visual Studio 15
VisualStudioVersion = 15.0.26430.4
MinimumVisualStudioVersion = 10.0.40219.1
Project("{FAE04EC0-301F-11D3-BF4B-00C04F79EFBC}") = "FrameExtract", "FrameExtract\FrameExtract.csproj", "{FAA1EF73-09DD-475E-A3B7-D0B09B17AEFB}"
EndProject
Global
	GlobalSection(SolutionConfigurationPlatforms) = preSolution
		Debug|Any CPU = Debug|Any CPU
		Debug|x64 = Debug|x64
		Debug|x86 = Debug|x86
		Release|Any CPU = Release|Any CPU
		Release|x64 = Release|x64
		Release|x86 = Release|x86
	EndGlobalSection
	GlobalSection(ProjectConfigurationPlatforms) = postSolution
		{FAA1EF73-09DD-475E-A3B7-D0B09B17AEFB}.Debug|Any CPU.ActiveCfg = Debug|Any CPU
		{FAA1EF73-09DD-475E-A3B7-D0B09B17AEFB}.Debug|Any CPU.Build.0 = Debug|Any CPU
		{FAA1EF73-09DD-475E-A3B7-D0B09B17AEFB}.Debug|x64.ActiveCfg = Debug|x64
		{FAA1EF73-09DD-475E-A3B7-D0B09B17AEFB}.Debug|x64.Build.0 = Debug|x64
		{FAA1EF73-09DD-475E-A3B7-D0B09B17AEFB}.Debug|x86.ActiveCfg = Debug|x64
		{FAA1EF73-09DD-475E-A3B7-D0B09B17AEFB}.Debug|x86.Build.0 = Debug|x64
		{FAA1EF73-09DD-475E-A3B7-D0B09B17AEFB}.Release|Any CPU.ActiveCfg = Release|Any CPU
		{FAA1EF73-09DD-475E-A3B7-D0B09B17AEFB}.Release|Any CPU.Build.0 = Release|Any CPU
		{FAA1EF73-09DD-475E-A3B7-D0B09B17AEFB}.Release|x64.ActiveCfg = Release|x64
		{FAA1EF73-09DD-475E-A3B7-D0B09B17AEFB}.Release|x64.Build.0 = Release|x64
		{FAA1EF73-09DD-475E-A3B7-D0B09B17AEFB}.Release|x86.ActiveCfg = Release|x86
		{FAA1EF73-09DD-475E-A3B7-D0B09B17AEFB}.Release|x86.Build.0 = Release|x86
	EndGlobalSection
	GlobalSection(SolutionProperties) = preSolution
		HideSolutionNode = FALSE
	EndGlobalSection
EndGlobal
